
Microsoft Visual Studio Solution File, Format Version 12.00
# Visual Studio Version 17
VisualStudioVersion = 17.0.32112.339
MinimumVisualStudioVersion = 10.0.40219.1
Project("{2150E333-8FDC-42A3-9474-1A3956D46DE8}") = "Solution Items", "Solution Items", "{CEB7D270-B174-49F3-A16D-66479648EDE4}"
	ProjectSection(SolutionItems) = preProject
		.editorconfig = .editorconfig
		CHANGELOG.md = CHANGELOG.md
		README.md = README.md
	EndProjectSection
EndProject
Project("{9A19103F-16F7-4668-BE54-9A1E7A4F7556}") = "ControllerSettingsHelper", "ControllerSettingsHelper\ControllerSettingsHelper.csproj", "{A31A9B22-7B08-4A30-A589-8855B925BC44}"
EndProject
Project("{9A19103F-16F7-4668-BE54-9A1E7A4F7556}") = "ControllerSettingsHelper.Test", "ControllerSettingsHelper.Test\ControllerSettingsHelper.Test.csproj", "{32386307-BB58-4893-9367-10BD07D051F7}"
EndProject
Global
	GlobalSection(SolutionConfigurationPlatforms) = preSolution
		Debug|x64 = Debug|x64
		Release|x64 = Release|x64
	EndGlobalSection
	GlobalSection(ProjectConfigurationPlatforms) = postSolution
		{A31A9B22-7B08-4A30-A589-8855B925BC44}.Debug|x64.ActiveCfg = Debug|x64
		{A31A9B22-7B08-4A30-A589-8855B925BC44}.Debug|x64.Build.0 = Debug|x64
		{A31A9B22-7B08-4A30-A589-8855B925BC44}.Release|x64.ActiveCfg = Release|x64
		{A31A9B22-7B08-4A30-A589-8855B925BC44}.Release|x64.Build.0 = Release|x64
		{32386307-BB58-4893-9367-10BD07D051F7}.Debug|x64.ActiveCfg = Debug|x64
		{32386307-BB58-4893-9367-10BD07D051F7}.Debug|x64.Build.0 = Debug|x64
		{32386307-BB58-4893-9367-10BD07D051F7}.Release|x64.ActiveCfg = Release|Any CPU
		{32386307-BB58-4893-9367-10BD07D051F7}.Release|x64.Build.0 = Release|Any CPU
	EndGlobalSection
	GlobalSection(SolutionProperties) = preSolution
		HideSolutionNode = FALSE
	EndGlobalSection
	GlobalSection(ExtensibilityGlobals) = postSolution
		SolutionGuid = {4C028FA3-8229-457D-A465-FC6D8040951D}
	EndGlobalSection
EndGlobal
